
Microsoft Visual Studio Solution File, Format Version 12.00
# Visual Studio 2012
Project("{FAE04EC0-301F-11D3-BF4B-00C04F79EFBC}") = "ModernTime", "ModernTime\ModernTime.csproj", "{521F0EE4-4E31-46A3-A640-C9092509F75B}"
EndProject
Global
	GlobalSection(SolutionConfigurationPlatforms) = preSolution
		Debug|x86 = Debug|x86
		Release|x86 = Release|x86
	EndGlobalSection
	GlobalSection(ProjectConfigurationPlatforms) = postSolution
		{521F0EE4-4E31-46A3-A640-C9092509F75B}.Debug|x86.ActiveCfg = Debug|x86
		{521F0EE4-4E31-46A3-A640-C9092509F75B}.Debug|x86.Build.0 = Debug|x86
		{521F0EE4-4E31-46A3-A640-C9092509F75B}.Release|x86.ActiveCfg = Release|x86
		{521F0EE4-4E31-46A3-A640-C9092509F75B}.Release|x86.Build.0 = Release|x86
	EndGlobalSection
EndGlobal
